
Microsoft Visual Studio Solution File, Format Version 12.00
# Visual Studio Version 17
VisualStudioVersion = 17.0.31903.59
MinimumVisualStudioVersion = 10.0.40219.1
Project("{FAE04EC0-301F-11D3-BF4B-00C04F79EFBC}") = "Задание 10", "Задание 10\Задание 10.csproj", "{CEB3AB63-6B71-4839-B932-9EB853CE9370}"
EndProject
Global
	GlobalSection(SolutionConfigurationPlatforms) = preSolution
		Debug|Any CPU = Debug|Any CPU
		Release|Any CPU = Release|Any CPU
	EndGlobalSection
	GlobalSection(ProjectConfigurationPlatforms) = postSolution
		{CEB3AB63-6B71-4839-B932-9EB853CE9370}.Debug|Any CPU.ActiveCfg = Debug|Any CPU
		{CEB3AB63-6B71-4839-B932-9EB853CE9370}.Debug|Any CPU.Build.0 = Debug|Any CPU
		{CEB3AB63-6B71-4839-B932-9EB853CE9370}.Release|Any CPU.ActiveCfg = Release|Any CPU
		{CEB3AB63-6B71-4839-B932-9EB853CE9370}.Release|Any CPU.Build.0 = Release|Any CPU
	EndGlobalSection
	GlobalSection(SolutionProperties) = preSolution
		HideSolutionNode = FALSE
	EndGlobalSection
	GlobalSection(ExtensibilityGlobals) = postSolution
		SolutionGuid = {119A55CA-79BD-4C79-8C02-D28C00AD71D0}
	EndGlobalSection
EndGlobal
